// !$*UTF8*$!
{
	archiveVersion = 1;
	classes = {
	};
	objectVersion = 46;
	objects = {

/* Begin PBXBuildFile section */
		498AB40E19CB8205006D0D31 /* Foundation.framework in Frameworks */ = {isa = PBXBuildFile; fileRef = 498AB40D19CB8205006D0D31 /* Foundation.framework */; };
		498AB41019CB8205006D0D31 /* CoreGraphics.framework in Frameworks */ = {isa = PBXBuildFile; fileRef = 498AB40F19CB8205006D0D31 /* CoreGraphics.framework */; };
		498AB41219CB8205006D0D31 /* UIKit.framework in Frameworks */ = {isa = PBXBuildFile; fileRef = 498AB41119CB8205006D0D31 /* UIKit.framework */; };
		498AB41819CB8205006D0D31 /* InfoPlist.strings in Resources */ = {isa = PBXBuildFile; fileRef = 498AB41619CB8205006D0D31 /* InfoPlist.strings */; };
		498AB41A19CB8205006D0D31 /* main.m in Sources */ = {isa = PBXBuildFile; fileRef = 498AB41919CB8205006D0D31 /* main.m */; };
		498AB41E19CB8205006D0D31 /* AppDelegate.m in Sources */ = {isa = PBXBuildFile; fileRef = 498AB41D19CB8205006D0D31 /* AppDelegate.m */; };
		498AB42019CB8205006D0D31 /* Images.xcassets in Resources */ = {isa = PBXBuildFile; fileRef = 498AB41F19CB8205006D0D31 /* Images.xcassets */; };
		498AB42719CB8205006D0D31 /* XCTest.framework in Frameworks */ = {isa = PBXBuildFile; fileRef = 498AB42619CB8205006D0D31 /* XCTest.framework */; };
		498AB42819CB8205006D0D31 /* Foundation.framework in Frameworks */ = {isa = PBXBuildFile; fileRef = 498AB40D19CB8205006D0D31 /* Foundation.framework */; };
		498AB42919CB8205006D0D31 /* UIKit.framework in Frameworks */ = {isa = PBXBuildFile; fileRef = 498AB41119CB8205006D0D31 /* UIKit.framework */; };
		498AB43119CB8205006D0D31 /* InfoPlist.strings in Resources */ = {isa = PBXBuildFile; fileRef = 498AB42F19CB8205006D0D31 /* InfoPlist.strings */; };
		498AB43319CB8205006D0D31 /* product_nameTests.m in Sources */ = {isa = PBXBuildFile; fileRef = 498AB43219CB8205006D0D31 /* product_nameTests.m */; };
/* End PBXBuildFile section */

/* Begin PBXContainerItemProxy section */
		498AB42A19CB8205006D0D31 /* PBXContainerItemProxy */ = {
			isa = PBXContainerItemProxy;
			containerPortal = 498AB40219CB8205006D0D31 /* Project object */;
			proxyType = 1;
			remoteGlobalIDString = 498AB40919CB8205006D0D31;
			remoteInfo = "product-name";
		};
/* End PBXContainerItemProxy section */

/* Begin PBXFileReference section */
		498AB40A19CB8205006D0D31 /* product-name.app */ = {isa = PBXFileReference; explicitFileType = wrapper.application; includeInIndex = 0; path = "product-name.app"; sourceTree = BUILT_PRODUCTS_DIR; };
		498AB40D19CB8205006D0D31 /* Foundation.framework */ = {isa = PBXFileReference; lastKnownFileType = wrapper.framework; name = Foundation.framework; path = System/Library/Frameworks/Foundation.framework; sourceTree = SDKROOT; };
		498AB40F19CB8205006D0D31 /* CoreGraphics.framework */ = {isa = PBXFileReference; lastKnownFileType = wrapper.framework; name = CoreGraphics.framework; path = System/Library/Frameworks/CoreGraphics.framework; sourceTree = SDKROOT; };
		498AB41119CB8205006D0D31 /* UIKit.framework */ = {isa = PBXFileReference; lastKnownFileType = wrapper.framework; name = UIKit.framework; path = System/Library/Frameworks/UIKit.framework; sourceTree = SDKROOT; };
		498AB41519CB8205006D0D31 /* product-name-Info.plist */ = {isa = PBXFileReference; lastKnownFileType = text.plist.xml; path = "product-name-Info.plist"; sourceTree = "<group>"; };
		498AB41719CB8205006D0D31 /* en */ = {isa = PBXFileReference; lastKnownFileType = text.plist.strings; name = en; path = en.lproj/InfoPlist.strings; sourceTree = "<group>"; };
		498AB41919CB8205006D0D31 /* main.m */ = {isa = PBXFileReference; lastKnownFileType = sourcecode.c.objc; path = main.m; sourceTree = "<group>"; };
		498AB41B19CB8205006D0D31 /* product-name-Prefix.pch */ = {isa = PBXFileReference; lastKnownFileType = sourcecode.c.h; path = "product-name-Prefix.pch"; sourceTree = "<group>"; };
		498AB41C19CB8205006D0D31 /* AppDelegate.h */ = {isa = PBXFileReference; lastKnownFileType = sourcecode.c.h; path = AppDelegate.h; sourceTree = "<group>"; };
		498AB41D19CB8205006D0D31 /* AppDelegate.m */ = {isa = PBXFileReference; lastKnownFileType = sourcecode.c.objc; path = AppDelegate.m; sourceTree = "<group>"; };
		498AB41F19CB8205006D0D31 /* Images.xcassets */ = {isa = PBXFileReference; lastKnownFileType = folder.assetcatalog; path = Images.xcassets; sourceTree = "<group>"; };
		498AB42519CB8205006D0D31 /* product-nameTests.xctest */ = {isa = PBXFileReference; explicitFileType = wrapper.cfbundle; includeInIndex = 0; path = "product-nameTests.xctest"; sourceTree = BUILT_PRODUCTS_DIR; };
		498AB42619CB8205006D0D31 /* XCTest.framework */ = {isa = PBXFileReference; lastKnownFileType = wrapper.framework; name = XCTest.framework; path = Library/Frameworks/XCTest.framework; sourceTree = DEVELOPER_DIR; };
		498AB42E19CB8205006D0D31 /* product-nameTests-Info.plist */ = {isa = PBXFileReference; lastKnownFileType = text.plist.xml; path = "product-nameTests-Info.plist"; sourceTree = "<group>"; };
		498AB43019CB8205006D0D31 /* en */ = {isa = PBXFileReference; lastKnownFileType = text.plist.strings; name = en; path = en.lproj/InfoPlist.strings; sourceTree = "<group>"; };
		498AB43219CB8205006D0D31 /* product_nameTests.m */ = {isa = PBXFileReference; lastKnownFileType = sourcecode.c.objc; path = product_nameTests.m; sourceTree = "<group>"; };
/* End PBXFileReference section */

/* Begin PBXFrameworksBuildPhase section */
		498AB40719CB8205006D0D31 /* Frameworks */ = {
			isa = PBXFrameworksBuildPhase;
			buildActionMask = 2147483647;
			files = (
				498AB41019CB8205006D0D31 /* CoreGraphics.framework in Frameworks */,
				498AB41219CB8205006D0D31 /* UIKit.framework in Frameworks */,
				498AB40E19CB8205006D0D31 /* Foundation.framework in Frameworks */,
			);
			runOnlyForDeploymentPostprocessing = 0;
		};
		498AB42219CB8205006D0D31 /* Frameworks */ = {
			isa = PBXFrameworksBuildPhase;
			buildActionMask = 2147483647;
			files = (
				498AB42719CB8205006D0D31 /* XCTest.framework in Frameworks */,
				498AB42919CB8205006D0D31 /* UIKit.framework in Frameworks */,
				498AB42819CB8205006D0D31 /* Foundation.framework in Frameworks */,
			);
			runOnlyForDeploymentPostprocessing = 0;
		};
/* End PBXFrameworksBuildPhase section */

/* Begin PBXGroup section */
		498AB40119CB8205006D0D31 = {
			isa = PBXGroup;
			children = (
				498AB41319CB8205006D0D31 /* product-name */,
				498AB42C19CB8205006D0D31 /* product-nameTests */,
				498AB40C19CB8205006D0D31 /* Frameworks */,
				498AB40B19CB8205006D0D31 /* Products */,
			);
			sourceTree = "<group>";
		};
		498AB40B19CB8205006D0D31 /* Products */ = {
			isa = PBXGroup;
			children = (
				498AB40A19CB8205006D0D31 /* product-name.app */,
				498AB42519CB8205006D0D31 /* product-nameTests.xctest */,
			);
			name = Products;
			sourceTree = "<group>";
		};
		498AB40C19CB8205006D0D31 /* Frameworks */ = {
			isa = PBXGroup;
			children = (
				498AB40D19CB8205006D0D31 /* Foundation.framework */,
				498AB40F19CB8205006D0D31 /* CoreGraphics.framework */,
				498AB41119CB8205006D0D31 /* UIKit.framework */,
				498AB42619CB8205006D0D31 /* XCTest.framework */,
			);
			name = Frameworks;
			sourceTree = "<group>";
		};
		498AB41319CB8205006D0D31 /* product-name */ = {
			isa = PBXGroup;
			children = (
				498AB41C19CB8205006D0D31 /* AppDelegate.h */,
				498AB41D19CB8205006D0D31 /* AppDelegate.m */,
				498AB41F19CB8205006D0D31 /* Images.xcassets */,
				498AB41419CB8205006D0D31 /* Supporting Files */,
			);
			path = "product-name";
			sourceTree = "<group>";
		};
		498AB41419CB8205006D0D31 /* Supporting Files */ = {
			isa = PBXGroup;
			children = (
				498AB41519CB8205006D0D31 /* product-name-Info.plist */,
				498AB41619CB8205006D0D31 /* InfoPlist.strings */,
				498AB41919CB8205006D0D31 /* main.m */,
				498AB41B19CB8205006D0D31 /* product-name-Prefix.pch */,
			);
			name = "Supporting Files";
			sourceTree = "<group>";
		};
		498AB42C19CB8205006D0D31 /* product-nameTests */ = {
			isa = PBXGroup;
			children = (
				498AB43219CB8205006D0D31 /* product_nameTests.m */,
				498AB42D19CB8205006D0D31 /* Supporting Files */,
			);
			path = "product-nameTests";
			sourceTree = "<group>";
		};
		498AB42D19CB8205006D0D31 /* Supporting Files */ = {
			isa = PBXGroup;
			children = (
				498AB42E19CB8205006D0D31 /* product-nameTests-Info.plist */,
				498AB42F19CB8205006D0D31 /* InfoPlist.strings */,
			);
			name = "Supporting Files";
			sourceTree = "<group>";
		};
/* End PBXGroup section */

/* Begin PBXNativeTarget section */
		498AB40919CB8205006D0D31 /* product-name */ = {
			isa = PBXNativeTarget;
			buildConfigurationList = 498AB43619CB8205006D0D31 /* Build configuration list for PBXNativeTarget "product-name" */;
			buildPhases = (
				498AB40619CB8205006D0D31 /* Sources */,
				498AB40719CB8205006D0D31 /* Frameworks */,
				498AB40819CB8205006D0D31 /* Resources */,
			);
			buildRules = (
			);
			dependencies = (
			);
			name = "product-name";
			productName = "product-name";
			productReference = 498AB40A19CB8205006D0D31 /* product-name.app */;
			productType = "com.apple.product-type.application";
		};
		498AB42419CB8205006D0D31 /* product-nameTests */ = {
			isa = PBXNativeTarget;
			buildConfigurationList = 498AB43919CB8205006D0D31 /* Build configuration list for PBXNativeTarget "product-nameTests" */;
			buildPhases = (
				498AB42119CB8205006D0D31 /* Sources */,
				498AB42219CB8205006D0D31 /* Frameworks */,
				498AB42319CB8205006D0D31 /* Resources */,
			);
			buildRules = (
			);
			dependencies = (
				498AB42B19CB8205006D0D31 /* PBXTargetDependency */,
			);
			name = "product-nameTests";
			productName = "product-nameTests";
			productReference = 498AB42519CB8205006D0D31 /* product-nameTests.xctest */;
			productType = "com.apple.product-type.bundle.unit-test";
		};
/* End PBXNativeTarget section */

/* Begin PBXProject section */
		498AB40219CB8205006D0D31 /* Project object */ = {
			isa = PBXProject;
			attributes = {
				LastUpgradeCheck = 0510;
				ORGANIZATIONNAME = "organisation-name";
				TargetAttributes = {
					498AB42419CB8205006D0D31 = {
						TestTargetID = 498AB40919CB8205006D0D31;
					};
				};
			};
			buildConfigurationList = 498AB40519CB8205006D0D31 /* Build configuration list for PBXProject "product-name" */;
			compatibilityVersion = "Xcode 3.2";
			developmentRegion = English;
			hasScannedForEncodings = 0;
			knownRegions = (
				en,
			);
			mainGroup = 498AB40119CB8205006D0D31;
			productRefGroup = 498AB40B19CB8205006D0D31 /* Products */;
			projectDirPath = "";
			projectRoot = "";
			targets = (
				498AB40919CB8205006D0D31 /* product-name */,
				498AB42419CB8205006D0D31 /* product-nameTests */,
			);
		};
/* End PBXProject section */

/* Begin PBXResourcesBuildPhase section */
		498AB40819CB8205006D0D31 /* Resources */ = {
			isa = PBXResourcesBuildPhase;
			buildActionMask = 2147483647;
			files = (
				498AB41819CB8205006D0D31 /* InfoPlist.strings in Resources */,
				498AB42019CB8205006D0D31 /* Images.xcassets in Resources */,
			);
			runOnlyForDeploymentPostprocessing = 0;
		};
		498AB42319CB8205006D0D31 /* Resources */ = {
			isa = PBXResourcesBuildPhase;
			buildActionMask = 2147483647;
			files = (
				498AB43119CB8205006D0D31 /* InfoPlist.strings in Resources */,
			);
			runOnlyForDeploymentPostprocessing = 0;
		};
/* End PBXResourcesBuildPhase section */

/* Begin PBXSourcesBuildPhase section */
		498AB40619CB8205006D0D31 /* Sources */ = {
			isa = PBXSourcesBuildPhase;
			buildActionMask = 2147483647;
			files = (
				498AB41E19CB8205006D0D31 /* AppDelegate.m in Sources */,
				498AB41A19CB8205006D0D31 /* main.m in Sources */,
			);
			runOnlyForDeploymentPostprocessing = 0;
		};
		498AB42119CB8205006D0D31 /* Sources */ = {
			isa = PBXSourcesBuildPhase;
			buildActionMask = 2147483647;
			files = (
				498AB43319CB8205006D0D31 /* product_nameTests.m in Sources */,
			);
			runOnlyForDeploymentPostprocessing = 0;
		};
/* End PBXSourcesBuildPhase section */

/* Begin PBXTargetDependency section */
		498AB42B19CB8205006D0D31 /* PBXTargetDependency */ = {
			isa = PBXTargetDependency;
			target = 498AB40919CB8205006D0D31 /* product-name */;
			targetProxy = 498AB42A19CB8205006D0D31 /* PBXContainerItemProxy */;
		};
/* End PBXTargetDependency section */

/* Begin PBXVariantGroup section */
		498AB41619CB8205006D0D31 /* InfoPlist.strings */ = {
			isa = PBXVariantGroup;
			children = (
				498AB41719CB8205006D0D31 /* en */,
			);
			name = InfoPlist.strings;
			sourceTree = "<group>";
		};
		498AB42F19CB8205006D0D31 /* InfoPlist.strings */ = {
			isa = PBXVariantGroup;
			children = (
				498AB43019CB8205006D0D31 /* en */,
			);
			name = InfoPlist.strings;
			sourceTree = "<group>";
		};
/* End PBXVariantGroup section */

/* Begin XCBuildConfiguration section */
		498AB43419CB8205006D0D31 /* Debug */ = {
			isa = XCBuildConfiguration;
			buildSettings = {
				ALWAYS_SEARCH_USER_PATHS = NO;
				CLANG_CXX_LANGUAGE_STANDARD = "gnu++0x";
				CLANG_CXX_LIBRARY = "libc++";
				CLANG_ENABLE_MODULES = YES;
				CLANG_ENABLE_OBJC_ARC = YES;
				CLANG_WARN_BOOL_CONVERSION = YES;
				CLANG_WARN_CONSTANT_CONVERSION = YES;
				CLANG_WARN_DIRECT_OBJC_ISA_USAGE = YES_ERROR;
				CLANG_WARN_EMPTY_BODY = YES;
				CLANG_WARN_ENUM_CONVERSION = YES;
				CLANG_WARN_INT_CONVERSION = YES;
				CLANG_WARN_OBJC_ROOT_CLASS = YES_ERROR;
				CLANG_WARN__DUPLICATE_METHOD_MATCH = YES;
				"CODE_SIGN_IDENTITY[sdk=iphoneos*]" = "iPhone Developer";
				COPY_PHASE_STRIP = NO;
				GCC_C_LANGUAGE_STANDARD = gnu99;
				GCC_DYNAMIC_NO_PIC = NO;
				GCC_OPTIMIZATION_LEVEL = 0;
				GCC_PREPROCESSOR_DEFINITIONS = (
					"DEBUG=1",
					"$(inherited)",
				);
				GCC_SYMBOLS_PRIVATE_EXTERN = NO;
				GCC_WARN_64_TO_32_BIT_CONVERSION = YES;
				GCC_WARN_ABOUT_RETURN_TYPE = YES_ERROR;
				GCC_WARN_UNDECLARED_SELECTOR = YES;
				GCC_WARN_UNINITIALIZED_AUTOS = YES_AGGRESSIVE;
				GCC_WARN_UNUSED_FUNCTION = YES;
				GCC_WARN_UNUSED_VARIABLE = YES;
				IPHONEOS_DEPLOYMENT_TARGET = 7.1;
				ONLY_ACTIVE_ARCH = YES;
				SDKROOT = iphoneos;
				TARGETED_DEVICE_FAMILY = "1,2";
			};
			name = Debug;
		};
		498AB43519CB8205006D0D31 /* Release */ = {
			isa = XCBuildConfiguration;
			buildSettings = {
				ALWAYS_SEARCH_USER_PATHS = NO;
				CLANG_CXX_LANGUAGE_STANDARD = "gnu++0x";
				CLANG_CXX_LIBRARY = "libc++";
				CLANG_ENABLE_MODULES = YES;
				CLANG_ENABLE_OBJC_ARC = YES;
				CLANG_WARN_BOOL_CONVERSION = YES;
				CLANG_WARN_CONSTANT_CONVERSION = YES;
				CLANG_WARN_DIRECT_OBJC_ISA_USAGE = YES_ERROR;
				CLANG_WARN_EMPTY_BODY = YES;
				CLANG_WARN_ENUM_CONVERSION = YES;
				CLANG_WARN_INT_CONVERSION = YES;
				CLANG_WARN_OBJC_ROOT_CLASS = YES_ERROR;
				CLANG_WARN__DUPLICATE_METHOD_MATCH = YES;
				"CODE_SIGN_IDENTITY[sdk=iphoneos*]" = "iPhone Developer";
				COPY_PHASE_STRIP = YES;
				ENABLE_NS_ASSERTIONS = NO;
				GCC_C_LANGUAGE_STANDARD = gnu99;
				GCC_WARN_64_TO_32_BIT_CONVERSION = YES;
				GCC_WARN_ABOUT_RETURN_TYPE = YES_ERROR;
				GCC_WARN_UNDECLARED_SELECTOR = YES;
				GCC_WARN_UNINITIALIZED_AUTOS = YES_AGGRESSIVE;
				GCC_WARN_UNUSED_FUNCTION = YES;
				GCC_WARN_UNUSED_VARIABLE = YES;
				IPHONEOS_DEPLOYMENT_TARGET = 7.1;
				SDKROOT = iphoneos;
				TARGETED_DEVICE_FAMILY = "1,2";
				VALIDATE_PRODUCT = YES;
			};
			name = Release;
		};
		498AB43719CB8205006D0D31 /* Debug */ = {
			isa = XCBuildConfiguration;
			buildSettings = {
				ASSETCATALOG_COMPILER_APPICON_NAME = AppIcon;
				ASSETCATALOG_COMPILER_LAUNCHIMAGE_NAME = LaunchImage;
				GCC_PRECOMPILE_PREFIX_HEADER = YES;
				GCC_PREFIX_HEADER = "product-name/product-name-Prefix.pch";
				INFOPLIST_FILE = "product-name/product-name-Info.plist";
				PRODUCT_NAME = "$(TARGET_NAME)";
				WRAPPER_EXTENSION = app;
			};
			name = Debug;
		};
		498AB43819CB8205006D0D31 /* Release */ = {
			isa = XCBuildConfiguration;
			buildSettings = {
				ASSETCATALOG_COMPILER_APPICON_NAME = AppIcon;
				ASSETCATALOG_COMPILER_LAUNCHIMAGE_NAME = LaunchImage;
				GCC_PRECOMPILE_PREFIX_HEADER = YES;
				GCC_PREFIX_HEADER = "product-name/product-name-Prefix.pch";
				INFOPLIST_FILE = "product-name/product-name-Info.plist";
				PRODUCT_NAME = "$(TARGET_NAME)";
				WRAPPER_EXTENSION = app;
			};
			name = Release;
		};
		498AB43A19CB8205006D0D31 /* Debug */ = {
			isa = XCBuildConfiguration;
			buildSettings = {
				BUNDLE_LOADER = "$(BUILT_PRODUCTS_DIR)/product-name.app/product-name";
				FRAMEWORK_SEARCH_PATHS = (
					"$(SDKROOT)/Developer/Library/Frameworks",
					"$(inherited)",
					"$(DEVELOPER_FRAMEWORKS_DIR)",
				);
				GCC_PRECOMPILE_PREFIX_HEADER = YES;
				GCC_PREFIX_HEADER = "product-name/product-name-Prefix.pch";
				GCC_PREPROCESSOR_DEFINITIONS = (
					"DEBUG=1",
					"$(inherited)",
				);
				INFOPLIST_FILE = "product-nameTests/product-nameTests-Info.plist";
				PRODUCT_NAME = "$(TARGET_NAME)";
				TEST_HOST = "$(BUNDLE_LOADER)";
				WRAPPER_EXTENSION = xctest;
			};
			name = Debug;
		};
		498AB43B19CB8205006D0D31 /* Release */ = {
			isa = XCBuildConfiguration;
			buildSettings = {
				BUNDLE_LOADER = "$(BUILT_PRODUCTS_DIR)/product-name.app/product-name";
				FRAMEWORK_SEARCH_PATHS = (
					"$(SDKROOT)/Developer/Library/Frameworks",
					"$(inherited)",
					"$(DEVELOPER_FRAMEWORKS_DIR)",
				);
				GCC_PRECOMPILE_PREFIX_HEADER = YES;
				GCC_PREFIX_HEADER = "product-name/product-name-Prefix.pch";
				INFOPLIST_FILE = "product-nameTests/product-nameTests-Info.plist";
				PRODUCT_NAME = "$(TARGET_NAME)";
				TEST_HOST = "$(BUNDLE_LOADER)";
				WRAPPER_EXTENSION = xctest;
			};
			name = Release;
		};
/* End XCBuildConfiguration section */

/* Begin XCConfigurationList section */
		498AB40519CB8205006D0D31 /* Build configuration list for PBXProject "product-name" */ = {
			isa = XCConfigurationList;
			buildConfigurations = (
				498AB43419CB8205006D0D31 /* Debug */,
				498AB43519CB8205006D0D31 /* Release */,
			);
			defaultConfigurationIsVisible = 0;
			defaultConfigurationName = Release;
		};
		498AB43619CB8205006D0D31 /* Build configuration list for PBXNativeTarget "product-name" */ = {
			isa = XCConfigurationList;
			buildConfigurations = (
				498AB43719CB8205006D0D31 /* Debug */,
				498AB43819CB8205006D0D31 /* Release */,
			);
			defaultConfigurationIsVisible = 0;
		};
		498AB43919CB8205006D0D31 /* Build configuration list for PBXNativeTarget "product-nameTests" */ = {
			isa = XCConfigurationList;
			buildConfigurations = (
				498AB43A19CB8205006D0D31 /* Debug */,
				498AB43B19CB8205006D0D31 /* Release */,
			);
			defaultConfigurationIsVisible = 0;
		};
/* End XCConfigurationList section */
	};
	rootObject = 498AB40219CB8205006D0D31 /* Project object */;
}
